<?xml version="1.0" encoding="utf-8"?>
<Project ToolsVersion="4.0" xmlns="http://schemas.microsoft.com/developer/msbuild/2003">
  <ItemGroup>
    <Filter Include="Source Files">
      <UniqueIdentifier>{4FC737F1-C7A5-4376-A066-2A32D752A2FF}</UniqueIdentifier>
      <Extensions>cpp;c;cc;cxx;c++;cppm;ixx;def;odl;idl;hpj;bat;asm;asmx</Extensions>
    </Filter>
    <Filter Include="Header Files">
      <UniqueIdentifier>{93995380-89BD-4b04-88EB-625FBE52EBFB}</UniqueIdentifier>
      <Extensions>h;hh;hpp;hxx;h++;hm;inl;inc;ipp;xsd</Extensions>
    </Filter>
    <Filter Include="Resource Files">
      <UniqueIdentifier>{67DA6AB6-F800-4c08-8B7A-83BB121AAD01}</UniqueIdentifier>
      <Extensions>rc;ico;cur;bmp;dlg;rc2;rct;bin;rgs;gif;jpg;jpeg;jpe;resx;tiff;tif;png;wav;mfcribbon-ms</Extensions>
    </Filter>
    <Filter Include="Header Files\Gerenciadores">
      <UniqueIdentifier>{0b81b37c-2e89-41f1-8b6e-39170e48d5c6}</UniqueIdentifier>
    </Filter>
    <Filter Include="Source Files\Gerenciadores">
      <UniqueIdentifier>{6cd093f4-9342-4bb7-b5f0-6809915a5489}</UniqueIdentifier>
    </Filter>
    <Filter Include="Source Files\Ente">
      <UniqueIdentifier>{e8ceb8c0-eeb5-42dd-82d9-6416c47a1795}</UniqueIdentifier>
    </Filter>
    <Filter Include="Source Files\Ente\Entidade">
      <UniqueIdentifier>{77bf2f2f-488f-4b5b-88e6-40d932be1d41}</UniqueIdentifier>
    </Filter>
    <Filter Include="Header Files\Ente">
      <UniqueIdentifier>{f447fc5a-d5c0-4fe0-90d5-85a79c36d80a}</UniqueIdentifier>
    </Filter>
    <Filter Include="Header Files\Ente\Entidade">
      <UniqueIdentifier>{1c242702-c446-49cc-b3cb-5c7bdbd1ecdc}</UniqueIdentifier>
    </Filter>
    <Filter Include="Header Files\Ente\Estado">
      <UniqueIdentifier>{620a2eb4-fc8d-4b4a-9217-603bfa67aa5e}</UniqueIdentifier>
    </Filter>
    <Filter Include="Source Files\Ente\Estado">
      <UniqueIdentifier>{de52ac44-2025-4731-a0b7-fbac85fa52c6}</UniqueIdentifier>
    </Filter>
    <Filter Include="Header Files\Lista">
      <UniqueIdentifier>{ae5b170f-ca35-4aee-a63b-276b8235b70e}</UniqueIdentifier>
    </Filter>
    <Filter Include="Source Files\Lista">
      <UniqueIdentifier>{18ed755a-f86f-4336-9079-32a8ecb3db83}</UniqueIdentifier>
    </Filter>
    <Filter Include="Source Files\Menu">
      <UniqueIdentifier>{0041811f-beeb-45b9-919c-d237f2c4e570}</UniqueIdentifier>
    </Filter>
    <Filter Include="Header Files\Menu">
      <UniqueIdentifier>{293acb9f-f30f-4fee-9fda-fb9d58d459fd}</UniqueIdentifier>
    </Filter>
    <Filter Include="Source Files\Fase">
      <UniqueIdentifier>{a5f8fb97-cbea-4106-a786-8be46871417f}</UniqueIdentifier>
    </Filter>
    <Filter Include="Header Files\Construtores">
      <UniqueIdentifier>{7519b66c-3c55-45f2-9c31-9d18fde1d249}</UniqueIdentifier>
    </Filter>
    <Filter Include="Source Files\Construtores">
      <UniqueIdentifier>{96964b72-3121-4a6f-90cd-67d42d112d79}</UniqueIdentifier>
    </Filter>
    <Filter Include="Header Files\Fase">
      <UniqueIdentifier>{22f69d46-677c-474d-998f-bfd08c5ec4ca}</UniqueIdentifier>
    </Filter>
    <Filter Include="Header Files\Observador">
      <UniqueIdentifier>{ded72a86-9fdb-45b7-955b-a0d7f7e64c50}</UniqueIdentifier>
    </Filter>
    <Filter Include="Source Files\Observador">
      <UniqueIdentifier>{bd52e29a-a1c8-4e5f-9f61-507b9a0898f2}</UniqueIdentifier>
    </Filter>
  </ItemGroup>
  <ItemGroup>
    <ClCompile Include="TesteJogo.cpp">
      <Filter>Source Files</Filter>
    </ClCompile>
    <ClCompile Include="Jogo.cpp">
      <Filter>Source Files</Filter>
    </ClCompile>
    <ClCompile Include="Gerenciador_Colisoes.cpp">
      <Filter>Source Files\Gerenciadores</Filter>
    </ClCompile>
    <ClCompile Include="Gerenciador_Grafico.cpp">
      <Filter>Source Files\Gerenciadores</Filter>
    </ClCompile>
    <ClCompile Include="Obstaculo.cpp">
      <Filter>Source Files\Ente\Entidade</Filter>
    </ClCompile>
    <ClCompile Include="Personagem.cpp">
      <Filter>Source Files\Ente\Entidade</Filter>
    </ClCompile>
    <ClCompile Include="Jogador.cpp">
      <Filter>Source Files\Ente\Entidade</Filter>
    </ClCompile>
    <ClCompile Include="Inimigo.cpp">
      <Filter>Source Files\Ente\Entidade</Filter>
    </ClCompile>
    <ClCompile Include="Entidade.cpp">
      <Filter>Source Files\Ente\Entidade</Filter>
    </ClCompile>
    <ClCompile Include="Ente.cpp">
      <Filter>Source Files\Ente</Filter>
    </ClCompile>
    <ClCompile Include="Estado.cpp">
      <Filter>Source Files\Ente\Estado</Filter>
    </ClCompile>
    <ClCompile Include="EstadoJogar.cpp">
      <Filter>Source Files\Ente\Estado</Filter>
    </ClCompile>
    <ClCompile Include="ListaEntidades.cpp">
      <Filter>Source Files\Lista</Filter>
    </ClCompile>
    <ClCompile Include="Gerenciador_Estados.cpp">
      <Filter>Source Files\Gerenciadores</Filter>
    </ClCompile>
    <ClCompile Include="Gerenciador_Eventos.cpp">
      <Filter>Source Files\Gerenciadores</Filter>
    </ClCompile>
    <ClCompile Include="EstadoMenuPrincipal.cpp">
      <Filter>Source Files\Ente\Estado</Filter>
    </ClCompile>
    <ClCompile Include="Menu.cpp">
      <Filter>Source Files\Menu</Filter>
    </ClCompile>
    <ClCompile Include="MenuPrincipal.cpp">
      <Filter>Source Files\Menu</Filter>
    </ClCompile>
    <ClCompile Include="Fase.cpp">
      <Filter>Source Files\Fase</Filter>
    </ClCompile>
    <ClCompile Include="Fase1.cpp">
      <Filter>Source Files\Fase</Filter>
    </ClCompile>
    <ClCompile Include="ConstrutorEntidade.cpp">
      <Filter>Source Files\Construtores</Filter>
    </ClCompile>
    <ClCompile Include="ConstrutorFase.cpp">
      <Filter>Source Files\Construtores</Filter>
    </ClCompile>
    <ClCompile Include="Observador.cpp">
      <Filter>Source Files\Observador</Filter>
    </ClCompile>
    <ClCompile Include="ObservadorFase.cpp">
      <Filter>Source Files\Observador</Filter>
    </ClCompile>
    <ClCompile Include="MenuPause.cpp">
      <Filter>Source Files\Menu</Filter>
    </ClCompile>
    <ClCompile Include="ObservadorJogador.cpp">
      <Filter>Source Files\Observador</Filter>
    </ClCompile>
    <ClCompile Include="ObservadorMenuPause.cpp">
      <Filter>Source Files\Observador</Filter>
    </ClCompile>
    <ClCompile Include="ObservadorMenuPrincipal.cpp">
      <Filter>Source Files\Observador</Filter>
    </ClCompile>
    <ClCompile Include="Plataforma.cpp">
      <Filter>Source Files\Ente\Entidade</Filter>
    </ClCompile>
    <ClCompile Include="ListaObservadores.cpp">
      <Filter>Source Files\Lista</Filter>
    </ClCompile>
    <ClCompile Include="Botao.cpp">
      <Filter>Source Files</Filter>
    </ClCompile>
    <ClCompile Include="stdafx.cpp">
      <Filter>Source Files</Filter>
    </ClCompile>
    <ClCompile Include="Projetil.cpp">
      <Filter>Source Files\Ente\Entidade</Filter>
    </ClCompile>
  </ItemGroup>
  <ItemGroup>
    <ClInclude Include="Jogo.h">
      <Filter>Header Files</Filter>
    </ClInclude>
    <ClInclude Include="IDs.h">
      <Filter>Header Files</Filter>
    </ClInclude>
    <ClInclude Include="Gerenciador_Colisoes.h">
      <Filter>Header Files\Gerenciadores</Filter>
    </ClInclude>
    <ClInclude Include="Gerenciador_Grafico.h">
      <Filter>Header Files\Gerenciadores</Filter>
    </ClInclude>
    <ClInclude Include="Entidade.h">
      <Filter>Header Files\Ente\Entidade</Filter>
    </ClInclude>
    <ClInclude Include="Inimigo.h">
      <Filter>Header Files\Ente\Entidade</Filter>
    </ClInclude>
    <ClInclude Include="Jogador.h">
      <Filter>Header Files\Ente\Entidade</Filter>
    </ClInclude>
    <ClInclude Include="Obstaculo.h">
      <Filter>Header Files\Ente\Entidade</Filter>
    </ClInclude>
    <ClInclude Include="Personagem.h">
      <Filter>Header Files\Ente\Entidade</Filter>
    </ClInclude>
    <ClInclude Include="Estado.h">
      <Filter>Header Files\Ente\Estado</Filter>
    </ClInclude>
    <ClInclude Include="EstadoJogar.h">
      <Filter>Header Files\Ente\Estado</Filter>
    </ClInclude>
    <ClInclude Include="ListaEntidades.h">
      <Filter>Header Files\Lista</Filter>
    </ClInclude>
    <ClInclude Include="Lista.h">
      <Filter>Header Files\Lista</Filter>
    </ClInclude>
    <ClInclude Include="Gerenciador_Estados.h">
      <Filter>Header Files\Gerenciadores</Filter>
    </ClInclude>
    <ClInclude Include="Gerenciador_Eventos.h">
      <Filter>Header Files\Gerenciadores</Filter>
    </ClInclude>
    <ClInclude Include="EstadoMenuPrincipal.h">
      <Filter>Header Files\Ente\Estado</Filter>
    </ClInclude>
    <ClInclude Include="Menu.h">
      <Filter>Header Files\Menu</Filter>
    </ClInclude>
    <ClInclude Include="MenuPrincipal.h">
      <Filter>Header Files\Menu</Filter>
    </ClInclude>
    <ClInclude Include="Fase.h">
      <Filter>Header Files\Fase</Filter>
    </ClInclude>
    <ClInclude Include="Fase1.h">
      <Filter>Header Files\Fase</Filter>
    </ClInclude>
    <ClInclude Include="Plataforma.h">
      <Filter>Header Files\Ente\Entidade</Filter>
    </ClInclude>
    <ClInclude Include="ConstrutorEntidade.h">
      <Filter>Header Files\Construtores</Filter>
    </ClInclude>
    <ClInclude Include="ConstrutorFase.h">
      <Filter>Header Files\Construtores</Filter>
    </ClInclude>
    <ClInclude Include="Observador.h">
      <Filter>Header Files\Observador</Filter>
    </ClInclude>
    <ClInclude Include="MenuPause.h">
      <Filter>Header Files\Menu</Filter>
    </ClInclude>
    <ClInclude Include="ObservadorFase.h">
      <Filter>Header Files\Observador</Filter>
    </ClInclude>
    <ClInclude Include="ObservadorJogador.h">
      <Filter>Header Files\Observador</Filter>
    </ClInclude>
    <ClInclude Include="ObservadorMenuPause.h">
      <Filter>Header Files\Observador</Filter>
    </ClInclude>
    <ClInclude Include="ObservadorMenuPrincipal.h">
      <Filter>Header Files\Observador</Filter>
    </ClInclude>
    <ClInclude Include="Ente.h">
      <Filter>Header Files\Ente</Filter>
    </ClInclude>
    <ClInclude Include="ListaObservadores.h">
      <Filter>Header Files\Lista</Filter>
    </ClInclude>
    <ClInclude Include="Botao.h">
      <Filter>Header Files</Filter>
    </ClInclude>
    <ClInclude Include="stdafx.h">
      <Filter>Header Files</Filter>
    </ClInclude>
    <ClInclude Include="Projetil.h">
      <Filter>Header Files\Ente\Entidade</Filter>
    </ClInclude>
  </ItemGroup>
</Project>